
Microsoft Visual Studio Solution File, Format Version 12.00
# Visual Studio 14
VisualStudioVersion = 14.0.25420.1
MinimumVisualStudioVersion = 10.0.40219.1
Project("{2150E333-8FDC-42A3-9474-1A3956D46DE8}") = "Business", "Business", "{57A393EC-C7A3-44E7-9D6F-52F151EDA00F}"
EndProject
Project("{2150E333-8FDC-42A3-9474-1A3956D46DE8}") = "Infrastructure", "Infrastructure", "{E082F31C-2D9C-4E9B-A873-2243299DBA17}"
EndProject
Project("{2150E333-8FDC-42A3-9474-1A3956D46DE8}") = "Presentation", "Presentation", "{18B60AD2-84EC-400F-9B23-361C4AF89E65}"
EndProject
Project("{FAE04EC0-301F-11D3-BF4B-00C04F79EFBC}") = "HRMS.Core", "HRMS.Core\HRMS.Core.csproj", "{C0205338-1474-46D0-9DB0-64A3DD8FE83B}"
EndProject
Project("{FAE04EC0-301F-11D3-BF4B-00C04F79EFBC}") = "HRMS.Services", "HRMS.Services\HRMS.Services.csproj", "{1C87A861-EB03-4DAD-8957-6C32C0A2CFA4}"
EndProject
Project("{FAE04EC0-301F-11D3-BF4B-00C04F79EFBC}") = "HRMS.Data", "HRMS.Data\HRMS.Data.csproj", "{0A6EB7B1-38D8-4A9D-8E64-ED9489E8ADD9}"
EndProject
Project("{FAE04EC0-301F-11D3-BF4B-00C04F79EFBC}") = "HRMS.Models", "HRMS.Models\HRMS.Models.csproj", "{9F730A4A-7F88-4F25-AF5E-EA24049E1C8C}"
EndProject
Project("{FAE04EC0-301F-11D3-BF4B-00C04F79EFBC}") = "HRMS.Logging", "HRMS.Logging\HRMS.Logging.csproj", "{995568CA-041D-4895-B60C-6BB7604D3FF3}"
EndProject
Project("{FAE04EC0-301F-11D3-BF4B-00C04F79EFBC}") = "HRMS.WebUI", "HRMS.WebUI\HRMS.WebUI.csproj", "{79E63EF5-94C3-4FEC-8AFF-DBD365326083}"
EndProject
Project("{FAE04EC0-301F-11D3-BF4B-00C04F79EFBC}") = "HRMS.Service", "HRMS.Service\HRMS.Service.csproj", "{2E94B683-4558-480F-9A17-004719D38146}"
EndProject
Global
	GlobalSection(SolutionConfigurationPlatforms) = preSolution
		Debug|Any CPU = Debug|Any CPU
		Release|Any CPU = Release|Any CPU
	EndGlobalSection
	GlobalSection(ProjectConfigurationPlatforms) = postSolution
		{C0205338-1474-46D0-9DB0-64A3DD8FE83B}.Debug|Any CPU.ActiveCfg = Debug|Any CPU
		{C0205338-1474-46D0-9DB0-64A3DD8FE83B}.Debug|Any CPU.Build.0 = Debug|Any CPU
		{C0205338-1474-46D0-9DB0-64A3DD8FE83B}.Release|Any CPU.ActiveCfg = Release|Any CPU
		{C0205338-1474-46D0-9DB0-64A3DD8FE83B}.Release|Any CPU.Build.0 = Release|Any CPU
		{1C87A861-EB03-4DAD-8957-6C32C0A2CFA4}.Debug|Any CPU.ActiveCfg = Debug|Any CPU
		{1C87A861-EB03-4DAD-8957-6C32C0A2CFA4}.Debug|Any CPU.Build.0 = Debug|Any CPU
		{1C87A861-EB03-4DAD-8957-6C32C0A2CFA4}.Release|Any CPU.ActiveCfg = Release|Any CPU
		{1C87A861-EB03-4DAD-8957-6C32C0A2CFA4}.Release|Any CPU.Build.0 = Release|Any CPU
		{0A6EB7B1-38D8-4A9D-8E64-ED9489E8ADD9}.Debug|Any CPU.ActiveCfg = Debug|Any CPU
		{0A6EB7B1-38D8-4A9D-8E64-ED9489E8ADD9}.Debug|Any CPU.Build.0 = Debug|Any CPU
		{0A6EB7B1-38D8-4A9D-8E64-ED9489E8ADD9}.Release|Any CPU.ActiveCfg = Release|Any CPU
		{0A6EB7B1-38D8-4A9D-8E64-ED9489E8ADD9}.Release|Any CPU.Build.0 = Release|Any CPU
		{9F730A4A-7F88-4F25-AF5E-EA24049E1C8C}.Debug|Any CPU.ActiveCfg = Debug|Any CPU
		{9F730A4A-7F88-4F25-AF5E-EA24049E1C8C}.Debug|Any CPU.Build.0 = Debug|Any CPU
		{9F730A4A-7F88-4F25-AF5E-EA24049E1C8C}.Release|Any CPU.ActiveCfg = Release|Any CPU
		{9F730A4A-7F88-4F25-AF5E-EA24049E1C8C}.Release|Any CPU.Build.0 = Release|Any CPU
		{995568CA-041D-4895-B60C-6BB7604D3FF3}.Debug|Any CPU.ActiveCfg = Debug|Any CPU
		{995568CA-041D-4895-B60C-6BB7604D3FF3}.Debug|Any CPU.Build.0 = Debug|Any CPU
		{995568CA-041D-4895-B60C-6BB7604D3FF3}.Release|Any CPU.ActiveCfg = Release|Any CPU
		{995568CA-041D-4895-B60C-6BB7604D3FF3}.Release|Any CPU.Build.0 = Release|Any CPU
		{79E63EF5-94C3-4FEC-8AFF-DBD365326083}.Debug|Any CPU.ActiveCfg = Debug|Any CPU
		{79E63EF5-94C3-4FEC-8AFF-DBD365326083}.Debug|Any CPU.Build.0 = Debug|Any CPU
		{79E63EF5-94C3-4FEC-8AFF-DBD365326083}.Release|Any CPU.ActiveCfg = Release|Any CPU
		{79E63EF5-94C3-4FEC-8AFF-DBD365326083}.Release|Any CPU.Build.0 = Release|Any CPU
		{2E94B683-4558-480F-9A17-004719D38146}.Debug|Any CPU.ActiveCfg = Debug|Any CPU
		{2E94B683-4558-480F-9A17-004719D38146}.Debug|Any CPU.Build.0 = Debug|Any CPU
		{2E94B683-4558-480F-9A17-004719D38146}.Release|Any CPU.ActiveCfg = Release|Any CPU
		{2E94B683-4558-480F-9A17-004719D38146}.Release|Any CPU.Build.0 = Release|Any CPU
	EndGlobalSection
	GlobalSection(SolutionProperties) = preSolution
		HideSolutionNode = FALSE
	EndGlobalSection
	GlobalSection(NestedProjects) = preSolution
		{C0205338-1474-46D0-9DB0-64A3DD8FE83B} = {57A393EC-C7A3-44E7-9D6F-52F151EDA00F}
		{1C87A861-EB03-4DAD-8957-6C32C0A2CFA4} = {57A393EC-C7A3-44E7-9D6F-52F151EDA00F}
		{0A6EB7B1-38D8-4A9D-8E64-ED9489E8ADD9} = {E082F31C-2D9C-4E9B-A873-2243299DBA17}
		{9F730A4A-7F88-4F25-AF5E-EA24049E1C8C} = {E082F31C-2D9C-4E9B-A873-2243299DBA17}
		{995568CA-041D-4895-B60C-6BB7604D3FF3} = {E082F31C-2D9C-4E9B-A873-2243299DBA17}
		{79E63EF5-94C3-4FEC-8AFF-DBD365326083} = {18B60AD2-84EC-400F-9B23-361C4AF89E65}
		{2E94B683-4558-480F-9A17-004719D38146} = {18B60AD2-84EC-400F-9B23-361C4AF89E65}
	EndGlobalSection
EndGlobal
